<?xml version="1.0" encoding="utf-8"?>
<Project ToolsVersion="4.0" xmlns="http://schemas.microsoft.com/developer/msbuild/2003">
  <ItemGroup>
    <Filter Include="Source Files">
      <UniqueIdentifier>{4FC737F1-C7A5-4376-A066-2A32D752A2FF}</UniqueIdentifier>
      <Extensions>cpp;c;cc;cxx;def;odl;idl;hpj;bat;asm;asmx</Extensions>
    </Filter>
    <Filter Include="Header Files">
      <UniqueIdentifier>{93995380-89BD-4b04-88EB-625FBE52EBFB}</UniqueIdentifier>
      <Extensions>h;hh;hpp;hxx;hm;inl;inc;ipp;xsd</Extensions>
    </Filter>
    <Filter Include="Resource Files">
      <UniqueIdentifier>{67DA6AB6-F800-4c08-8B7A-83BB121AAD01}</UniqueIdentifier>
      <Extensions>rc;ico;cur;bmp;dlg;rc2;rct;bin;rgs;gif;jpg;jpeg;jpe;resx;tiff;tif;png;wav;mfcribbon-ms</Extensions>
    </Filter>
  </ItemGroup>
  <ItemGroup>
    <ClCompile Include="source\Buffer\GLBuffer.cpp">
      <Filter>Source Files</Filter>
    </ClCompile>
    <ClCompile Include="source\BufferPool\GLBufferPool.cpp">
      <Filter>Source Files</Filter>
    </ClCompile>
    <ClCompile Include="source\Framebuffer\GLFramebuffer.cpp">
      <Filter>Source Files</Filter>
    </ClCompile>
    <ClCompile Include="source\GLO\GLO.cpp">
      <Filter>Source Files</Filter>
    </ClCompile>
    <ClCompile Include="source\Pipeline\GLPipeline.cpp">
      <Filter>Source Files</Filter>
    </ClCompile>
    <ClCompile Include="source\Renderbuffer\GLMultisampleRenderbuffer.cpp">
      <Filter>Source Files</Filter>
    </ClCompile>
    <ClCompile Include="source\Renderbuffer\GLRenderbuffer.cpp">
      <Filter>Source Files</Filter>
    </ClCompile>
    <ClCompile Include="source\Sampler\GLSampler2D.cpp">
      <Filter>Source Files</Filter>
    </ClCompile>
    <ClCompile Include="source\Sampler\GLSampler3D.cpp">
      <Filter>Source Files</Filter>
    </ClCompile>
    <ClCompile Include="source\Sampler\GLSamplerBase.cpp">
      <Filter>Source Files</Filter>
    </ClCompile>
    <ClCompile Include="source\Shader\GLShader.cpp">
      <Filter>Source Files</Filter>
    </ClCompile>
    <ClCompile Include="source\Texture\GLMultisampleTexture2D.cpp">
      <Filter>Source Files</Filter>
    </ClCompile>
    <ClCompile Include="source\Texture\GLMultisampleTexture2DArray.cpp">
      <Filter>Source Files</Filter>
    </ClCompile>
    <ClCompile Include="source\Texture\GLTexture1D.cpp">
      <Filter>Source Files</Filter>
    </ClCompile>
    <ClCompile Include="source\Texture\GLTexture1DArray.cpp">
      <Filter>Source Files</Filter>
    </ClCompile>
    <ClCompile Include="source\Texture\GLTexture2D.cpp">
      <Filter>Source Files</Filter>
    </ClCompile>
    <ClCompile Include="source\Texture\GLTexture2DArray.cpp">
      <Filter>Source Files</Filter>
    </ClCompile>
    <ClCompile Include="source\Texture\GLTexture3D.cpp">
      <Filter>Source Files</Filter>
    </ClCompile>
    <ClCompile Include="source\Texture\GLTextureBase.cpp">
      <Filter>Source Files</Filter>
    </ClCompile>
    <ClCompile Include="source\Texture\GLTextureBuffer.cpp">
      <Filter>Source Files</Filter>
    </ClCompile>
    <ClCompile Include="source\Texture\GLTextureCube.cpp">
      <Filter>Source Files</Filter>
    </ClCompile>
    <ClCompile Include="source\karamay-engine-graphics.cpp">
      <Filter>Source Files</Filter>
    </ClCompile>
    <ClCompile Include="source\Core\Abstract\MetaObject\MetaObject.cpp">
      <Filter>Source Files</Filter>
    </ClCompile>
    <ClCompile Include="source\Core\Camera\CameraBase.cpp">
      <Filter>Source Files</Filter>
    </ClCompile>
    <ClCompile Include="source\Core\Pipeline\PipelineAssemblageInfoBase.cpp">
      <Filter>Source Files</Filter>
    </ClCompile>
    <ClCompile Include="source\Core\Pipeline\PipelineBase.cpp">
      <Filter>Source Files</Filter>
    </ClCompile>
    <ClCompile Include="source\Core\PipelineRuntimeData\Abstract\PipelineRuntimeDataBase.cpp">
      <Filter>Source Files</Filter>
    </ClCompile>
    <ClCompile Include="source\Core\PipelineRuntimeData\Light\Abstract\LightBase.cpp">
      <Filter>Source Files</Filter>
    </ClCompile>
    <ClCompile Include="source\Core\PipelineRuntimeData\Light\DirectionalLightBase.cpp">
      <Filter>Source Files</Filter>
    </ClCompile>
    <ClCompile Include="source\Core\PipelineRuntimeData\Light\PointLightBase.cpp">
      <Filter>Source Files</Filter>
    </ClCompile>
    <ClCompile Include="source\Core\PipelineRuntimeData\Light\SpotLightBase.cpp">
      <Filter>Source Files</Filter>
    </ClCompile>
    <ClCompile Include="source\Core\PipelineRuntimeData\Material\MaterialBase.cpp">
      <Filter>Source Files</Filter>
    </ClCompile>
    <ClCompile Include="source\Core\PipelineRuntimeData\SceneRenderingData\SceneRenderingDataBase.cpp">
      <Filter>Source Files</Filter>
    </ClCompile>
    <ClCompile Include="source\Core\PipelineRuntimeData\Texture\Abstract\TextureBase.cpp">
      <Filter>Source Files</Filter>
    </ClCompile>
    <ClCompile Include="source\Core\PipelineRuntimeData\Texture\Texture2DBase.cpp">
      <Filter>Source Files</Filter>
    </ClCompile>
    <ClCompile Include="source\Core\RenderableObject\Abstract\RenderableObjectBase.cpp">
      <Filter>Source Files</Filter>
    </ClCompile>
    <ClCompile Include="source\Core\RenderableObject\Mesh\MeshBase.cpp">
      <Filter>Source Files</Filter>
    </ClCompile>
    <ClCompile Include="source\Core\RenderableObject\Mesh\MultiMeshBase.cpp">
      <Filter>Source Files</Filter>
    </ClCompile>
    <ClCompile Include="source\Core\RenderableObject\ParticleSystem\ParticleBase.cpp">
      <Filter>Source Files</Filter>
    </ClCompile>
    <ClCompile Include="source\Core\RenderableObject\ParticleSystem\ParticleSystemBase.cpp">
      <Filter>Source Files</Filter>
    </ClCompile>
    <ClCompile Include="source\Core\Renderer\RendererBase.cpp">
      <Filter>Source Files</Filter>
    </ClCompile>
    <ClCompile Include="source\Core\RendererAllocator\RendererAllocatorBase.cpp">
      <Filter>Source Files</Filter>
    </ClCompile>
    <ClCompile Include="source\Core\Scene\SceneBase.cpp">
      <Filter>Source Files</Filter>
    </ClCompile>
    <ClCompile Include="source\Core\Shader\ShaderAssemblageInfoBase.cpp">
      <Filter>Source Files</Filter>
    </ClCompile>
    <ClCompile Include="source\Core\Shader\ShaderBase.cpp">
      <Filter>Source Files</Filter>
    </ClCompile>
    <ClCompile Include="source\Core\Window\WindowBase.cpp">
      <Filter>Source Files</Filter>
    </ClCompile>
    <ClCompile Include="source\Core\SpicesRendererGlobal.cpp">
      <Filter>Source Files</Filter>
    </ClCompile>
    <ClCompile Include="source\Framework\Sphere\Sphere.cpp">
      <Filter>Source Files</Filter>
    </ClCompile>
    <ClCompile Include="source\GraphicsUnit\Buffer\GLBuffer.cpp">
      <Filter>Source Files</Filter>
    </ClCompile>
    <ClCompile Include="source\GraphicsUnit\BufferPool\GLBufferPool.cpp">
      <Filter>Source Files</Filter>
    </ClCompile>
    <ClCompile Include="source\GraphicsUnit\Framebuffer\GLFramebuffer.cpp">
      <Filter>Source Files</Filter>
    </ClCompile>
    <ClCompile Include="source\GraphicsUnit\GLO\GLO.cpp">
      <Filter>Source Files</Filter>
    </ClCompile>
    <ClCompile Include="source\GraphicsUnit\Pipeline\GLPipeline.cpp">
      <Filter>Source Files</Filter>
    </ClCompile>
    <ClCompile Include="source\GraphicsUnit\Renderbuffer\GLMultisampleRenderbuffer.cpp">
      <Filter>Source Files</Filter>
    </ClCompile>
    <ClCompile Include="source\GraphicsUnit\Renderbuffer\GLRenderbuffer.cpp">
      <Filter>Source Files</Filter>
    </ClCompile>
    <ClCompile Include="source\GraphicsUnit\Sampler\GLSampler2D.cpp">
      <Filter>Source Files</Filter>
    </ClCompile>
    <ClCompile Include="source\GraphicsUnit\Sampler\GLSampler3D.cpp">
      <Filter>Source Files</Filter>
    </ClCompile>
    <ClCompile Include="source\GraphicsUnit\Sampler\GLSamplerBase.cpp">
      <Filter>Source Files</Filter>
    </ClCompile>
    <ClCompile Include="source\GraphicsUnit\Shader\GLShader.cpp">
      <Filter>Source Files</Filter>
    </ClCompile>
    <ClCompile Include="source\GraphicsUnit\Texture\GLMultisampleTexture2D.cpp">
      <Filter>Source Files</Filter>
    </ClCompile>
    <ClCompile Include="source\GraphicsUnit\Texture\GLMultisampleTexture2DArray.cpp">
      <Filter>Source Files</Filter>
    </ClCompile>
    <ClCompile Include="source\GraphicsUnit\Texture\GLTexture1D.cpp">
      <Filter>Source Files</Filter>
    </ClCompile>
    <ClCompile Include="source\GraphicsUnit\Texture\GLTexture1DArray.cpp">
      <Filter>Source Files</Filter>
    </ClCompile>
    <ClCompile Include="source\GraphicsUnit\Texture\GLTexture2D.cpp">
      <Filter>Source Files</Filter>
    </ClCompile>
    <ClCompile Include="source\GraphicsUnit\Texture\GLTexture2DArray.cpp">
      <Filter>Source Files</Filter>
    </ClCompile>
    <ClCompile Include="source\GraphicsUnit\Texture\GLTexture3D.cpp">
      <Filter>Source Files</Filter>
    </ClCompile>
    <ClCompile Include="source\GraphicsUnit\Texture\GLTextureBase.cpp">
      <Filter>Source Files</Filter>
    </ClCompile>
    <ClCompile Include="source\GraphicsUnit\Texture\GLTextureBuffer.cpp">
      <Filter>Source Files</Filter>
    </ClCompile>
    <ClCompile Include="source\GraphicsUnit\Texture\GLTextureCube.cpp">
      <Filter>Source Files</Filter>
    </ClCompile>
    <ClCompile Include="source\OpenGL\Camera\Camera_OpenGL.cpp">
      <Filter>Source Files</Filter>
    </ClCompile>
    <ClCompile Include="source\OpenGL\Pipeline\PipelineCommonTool\PipelineCommonTool.cpp">
      <Filter>Source Files</Filter>
    </ClCompile>
    <ClCompile Include="source\OpenGL\Pipeline\Pipeline_OpenGL.cpp">
      <Filter>Source Files</Filter>
    </ClCompile>
    <ClCompile Include="source\OpenGL\Pipeline\PipelineAssemblageInfo_OpenGL.cpp">
      <Filter>Source Files</Filter>
    </ClCompile>
    <ClCompile Include="source\OpenGL\PipelineRuntimeData\Light\DirectionalLight_OpenGL.cpp">
      <Filter>Source Files</Filter>
    </ClCompile>
    <ClCompile Include="source\OpenGL\PipelineRuntimeData\Light\PointLight_OpenGL.cpp">
      <Filter>Source Files</Filter>
    </ClCompile>
    <ClCompile Include="source\OpenGL\PipelineRuntimeData\Light\SpotLight_OpenGL.cpp">
      <Filter>Source Files</Filter>
    </ClCompile>
    <ClCompile Include="source\OpenGL\PipelineRuntimeData\Material\Material_OpenGL.cpp">
      <Filter>Source Files</Filter>
    </ClCompile>
    <ClCompile Include="source\OpenGL\PipelineRuntimeData\SceneRenderingData\SceneRenderingData_OpenGL.cpp">
      <Filter>Source Files</Filter>
    </ClCompile>
    <ClCompile Include="source\OpenGL\PipelineRuntimeData\Texture\Texture2D_OpenGL.cpp">
      <Filter>Source Files</Filter>
    </ClCompile>
    <ClCompile Include="source\OpenGL\RenderableObject\Mesh\Mesh_OpenGL.cpp">
      <Filter>Source Files</Filter>
    </ClCompile>
    <ClCompile Include="source\OpenGL\RenderableObject\Mesh\MultiMesh_OpenGL.cpp">
      <Filter>Source Files</Filter>
    </ClCompile>
    <ClCompile Include="source\OpenGL\RenderableObject\ParticleSystem\ParticleSystem_OpenGL.cpp">
      <Filter>Source Files</Filter>
    </ClCompile>
    <ClCompile Include="source\OpenGL\Renderer\Renderer_OpenGL.cpp">
      <Filter>Source Files</Filter>
    </ClCompile>
    <ClCompile Include="source\OpenGL\RendererAllocator\RendererAllocator_OpenGL.cpp">
      <Filter>Source Files</Filter>
    </ClCompile>
    <ClCompile Include="source\OpenGL\Scene\Scene_OpenGL.cpp">
      <Filter>Source Files</Filter>
    </ClCompile>
    <ClCompile Include="source\OpenGL\Shader\Shader_OpenGL.cpp">
      <Filter>Source Files</Filter>
    </ClCompile>
    <ClCompile Include="source\OpenGL\Shader\ShaderAssemblageInfo_OpenGL.cpp">
      <Filter>Source Files</Filter>
    </ClCompile>
    <ClCompile Include="source\OpenGL\Window\Window_GLFW.cpp">
      <Filter>Source Files</Filter>
    </ClCompile>
    <ClCompile Include="source\SpicesRenderer.cpp">
      <Filter>Source Files</Filter>
    </ClCompile>
    <ClCompile Include="source\graphics\texture\texture_1d\gl_texture_1d.cpp">
      <Filter>Source Files</Filter>
    </ClCompile>
    <ClCompile Include="source\graphics\texture\texture_1d\gl_texture_1d_array.cpp">
      <Filter>Source Files</Filter>
    </ClCompile>
    <ClCompile Include="source\graphics\texture\texture_2d\gl_texture_2d.cpp">
      <Filter>Source Files</Filter>
    </ClCompile>
    <ClCompile Include="source\graphics\texture\texture_2d\gl_texture_2d_array.cpp">
      <Filter>Source Files</Filter>
    </ClCompile>
    <ClCompile Include="source\graphics\texture\texture_2d\gl_texture_2d_array_multisample.cpp">
      <Filter>Source Files</Filter>
    </ClCompile>
    <ClCompile Include="source\graphics\texture\texture_2d\gl_texture_2d_multisample.cpp">
      <Filter>Source Files</Filter>
    </ClCompile>
    <ClCompile Include="source\graphics\texture\texture_3d\gl_texture_3d.cpp">
      <Filter>Source Files</Filter>
    </ClCompile>
    <ClCompile Include="source\graphics\texture\texture_buffer\gl_texture_buffer.cpp">
      <Filter>Source Files</Filter>
    </ClCompile>
    <ClCompile Include="source\graphics\texture\texture_cube\gl_texture_cube.cpp">
      <Filter>Source Files</Filter>
    </ClCompile>
    <ClCompile Include="source\graphics\texture\texture_cube\gl_texture_cube_array.cpp">
      <Filter>Source Files</Filter>
    </ClCompile>
    <ClCompile Include="source\graphics\sampler\gl_sampler.cpp">
      <Filter>Source Files</Filter>
    </ClCompile>
    <ClCompile Include="source\graphics\glo\gl_object.cpp">
      <Filter>Source Files</Filter>
    </ClCompile>
    <ClCompile Include="source\graphics\texture\texture_2d\gl_texture_rectangle.cpp">
      <Filter>Source Files</Filter>
    </ClCompile>
    <ClCompile Include="source\graphics\texture\base\gl_texture_base.cpp">
      <Filter>Source Files</Filter>
    </ClCompile>
    <ClCompile Include="source\graphics\shader\gl_shader.cpp">
      <Filter>Source Files</Filter>
    </ClCompile>
    <ClCompile Include="source\graphics\renderbuffer\gl_renderbuffer.cpp">
      <Filter>Source Files</Filter>
    </ClCompile>
    <ClCompile Include="source\graphics\renderbuffer\gl_multisample_renderbuffer.cpp">
      <Filter>Source Files</Filter>
    </ClCompile>
    <ClCompile Include="source\graphics\buffer\gl_buffer.cpp">
      <Filter>Source Files</Filter>
    </ClCompile>
    <ClCompile Include="source\graphics\framebuffer\gl_framebuffer_base.cpp">
      <Filter>Source Files</Filter>
    </ClCompile>
    <ClCompile Include="source\graphics\program\gl_program.cpp">
      <Filter>Source Files</Filter>
    </ClCompile>
    <ClCompile Include="source\graphics\program_pipeline\gl_program_pipeline.cpp">
      <Filter>Source Files</Filter>
    </ClCompile>
    <ClCompile Include="source\graphics\transform_feedback\gl_transform_feedback.cpp">
      <Filter>Source Files</Filter>
    </ClCompile>
    <ClCompile Include="source\graphics\framebuffer\gl_read_framebuffer.cpp">
      <Filter>Source Files</Filter>
    </ClCompile>
    <ClCompile Include="source\graphics\framebuffer\gl_draw_framebuffer.cpp">
      <Filter>Source Files</Filter>
    </ClCompile>
    <ClCompile Include="source\graphics\framebuffer\gl_default_framebuffer.cpp">
      <Filter>Source Files</Filter>
    </ClCompile>
    <ClCompile Include="source\graphics\framebuffer\gl_framebuffer.cpp">
      <Filter>Source Files</Filter>
    </ClCompile>
    <ClCompile Include="source\graphics\vertex_array\gl_vertex_array.cpp">
      <Filter>Source Files</Filter>
    </ClCompile>
    <ClCompile Include="source\Interface\mesh\mesh.cpp">
      <Filter>Source Files</Filter>
    </ClCompile>
    <ClCompile Include="source\Interface\texture\texture_2d.cpp">
      <Filter>Source Files</Filter>
    </ClCompile>
    <ClCompile Include="source\Interface\material\material.cpp">
      <Filter>Source Files</Filter>
    </ClCompile>
    <ClCompile Include="source\graphics\customized_pipeline\gl_pipeline_pbr.cpp">
      <Filter>Source Files</Filter>
    </ClCompile>
  </ItemGroup>
  <ItemGroup>
    <None Include=".gitignore" />
  </ItemGroup>
  <ItemGroup>
    <ClInclude Include="source\Buffer\GLBuffer.h">
      <Filter>Header Files</Filter>
    </ClInclude>
    <ClInclude Include="source\BufferPool\GLBufferPool.h">
      <Filter>Header Files</Filter>
    </ClInclude>
    <ClInclude Include="source\Framebuffer\GLFramebuffer.h">
      <Filter>Header Files</Filter>
    </ClInclude>
    <ClInclude Include="source\GLO\GLO.h">
      <Filter>Header Files</Filter>
    </ClInclude>
    <ClInclude Include="source\Pipeline\GLPipeline.h">
      <Filter>Header Files</Filter>
    </ClInclude>
    <ClInclude Include="source\Renderbuffer\GLMultisampleRenderbuffer.h">
      <Filter>Header Files</Filter>
    </ClInclude>
    <ClInclude Include="source\Renderbuffer\GLRenderbuffer.h">
      <Filter>Header Files</Filter>
    </ClInclude>
    <ClInclude Include="source\Sampler\GLSampler2D.h">
      <Filter>Header Files</Filter>
    </ClInclude>
    <ClInclude Include="source\Sampler\GLSampler3D.h">
      <Filter>Header Files</Filter>
    </ClInclude>
    <ClInclude Include="source\Sampler\GLSamplerBase.h">
      <Filter>Header Files</Filter>
    </ClInclude>
    <ClInclude Include="source\Shader\GLShader.h">
      <Filter>Header Files</Filter>
    </ClInclude>
    <ClInclude Include="source\Texture\GLMultisampleTexture2D.h">
      <Filter>Header Files</Filter>
    </ClInclude>
    <ClInclude Include="source\Texture\GLMultisampleTexture2DArray.h">
      <Filter>Header Files</Filter>
    </ClInclude>
    <ClInclude Include="source\Texture\GLTexture.h">
      <Filter>Header Files</Filter>
    </ClInclude>
    <ClInclude Include="source\Texture\GLTexture1D.h">
      <Filter>Header Files</Filter>
    </ClInclude>
    <ClInclude Include="source\Texture\GLTexture1DArray.h">
      <Filter>Header Files</Filter>
    </ClInclude>
    <ClInclude Include="source\Texture\GLTexture2D.h">
      <Filter>Header Files</Filter>
    </ClInclude>
    <ClInclude Include="source\Texture\GLTexture2DArray.h">
      <Filter>Header Files</Filter>
    </ClInclude>
    <ClInclude Include="source\Texture\GLTexture3D.h">
      <Filter>Header Files</Filter>
    </ClInclude>
    <ClInclude Include="source\Texture\GLTextureBase.h">
      <Filter>Header Files</Filter>
    </ClInclude>
    <ClInclude Include="source\Texture\GLTextureBuffer.h">
      <Filter>Header Files</Filter>
    </ClInclude>
    <ClInclude Include="source\Texture\GLTextureCube.h">
      <Filter>Header Files</Filter>
    </ClInclude>
    <ClInclude Include="source\Core\Abstract\MetaObject\MetaObject.h">
      <Filter>Header Files</Filter>
    </ClInclude>
    <ClInclude Include="source\Core\Camera\CameraBase.h">
      <Filter>Header Files</Filter>
    </ClInclude>
    <ClInclude Include="source\Core\Pipeline\PipelineAssemblageInfoBase.h">
      <Filter>Header Files</Filter>
    </ClInclude>
    <ClInclude Include="source\Core\Pipeline\PipelineBase.h">
      <Filter>Header Files</Filter>
    </ClInclude>
    <ClInclude Include="source\Core\PipelineRuntimeData\Abstract\PipelineRuntimeDataBase.h">
      <Filter>Header Files</Filter>
    </ClInclude>
    <ClInclude Include="source\Core\PipelineRuntimeData\Light\Abstract\LightBase.h">
      <Filter>Header Files</Filter>
    </ClInclude>
    <ClInclude Include="source\Core\PipelineRuntimeData\Light\DirectionalLightBase.h">
      <Filter>Header Files</Filter>
    </ClInclude>
    <ClInclude Include="source\Core\PipelineRuntimeData\Light\PointLightBase.h">
      <Filter>Header Files</Filter>
    </ClInclude>
    <ClInclude Include="source\Core\PipelineRuntimeData\Light\SpotLightBase.h">
      <Filter>Header Files</Filter>
    </ClInclude>
    <ClInclude Include="source\Core\PipelineRuntimeData\Material\MaterialBase.h">
      <Filter>Header Files</Filter>
    </ClInclude>
    <ClInclude Include="source\Core\PipelineRuntimeData\SceneRenderingData\SceneRenderingDataBase.h">
      <Filter>Header Files</Filter>
    </ClInclude>
    <ClInclude Include="source\Core\PipelineRuntimeData\Texture\Abstract\TextureBase.h">
      <Filter>Header Files</Filter>
    </ClInclude>
    <ClInclude Include="source\Core\PipelineRuntimeData\Texture\Texture2DBase.h">
      <Filter>Header Files</Filter>
    </ClInclude>
    <ClInclude Include="source\Core\RenderableObject\Abstract\RenderableObjectBase.h">
      <Filter>Header Files</Filter>
    </ClInclude>
    <ClInclude Include="source\Core\RenderableObject\Mesh\MeshBase.h">
      <Filter>Header Files</Filter>
    </ClInclude>
    <ClInclude Include="source\Core\RenderableObject\Mesh\MultiMeshBase.h">
      <Filter>Header Files</Filter>
    </ClInclude>
    <ClInclude Include="source\Core\RenderableObject\ParticleSystem\ParticleBase.h">
      <Filter>Header Files</Filter>
    </ClInclude>
    <ClInclude Include="source\Core\RenderableObject\ParticleSystem\ParticleSystemBase.h">
      <Filter>Header Files</Filter>
    </ClInclude>
    <ClInclude Include="source\Core\Renderer\RendererBase.h">
      <Filter>Header Files</Filter>
    </ClInclude>
    <ClInclude Include="source\Core\RendererAllocator\RendererAllocatorBase.h">
      <Filter>Header Files</Filter>
    </ClInclude>
    <ClInclude Include="source\Core\Scene\SceneBase.h">
      <Filter>Header Files</Filter>
    </ClInclude>
    <ClInclude Include="source\Core\Shader\ShaderAssemblageInfoBase.h">
      <Filter>Header Files</Filter>
    </ClInclude>
    <ClInclude Include="source\Core\Shader\ShaderBase.h">
      <Filter>Header Files</Filter>
    </ClInclude>
    <ClInclude Include="source\Core\Window\WindowBase.h">
      <Filter>Header Files</Filter>
    </ClInclude>
    <ClInclude Include="source\Core\SpicesRendererGlobal.h">
      <Filter>Header Files</Filter>
    </ClInclude>
    <ClInclude Include="source\Framework\Sphere\Sphere.h">
      <Filter>Header Files</Filter>
    </ClInclude>
    <ClInclude Include="source\Framework\FrameworkGlobal.h">
      <Filter>Header Files</Filter>
    </ClInclude>
    <ClInclude Include="source\GraphicsUnit\Buffer\GLBuffer.h">
      <Filter>Header Files</Filter>
    </ClInclude>
    <ClInclude Include="source\GraphicsUnit\BufferPool\GLBufferPool.h">
      <Filter>Header Files</Filter>
    </ClInclude>
    <ClInclude Include="source\GraphicsUnit\Framebuffer\GLFramebuffer.h">
      <Filter>Header Files</Filter>
    </ClInclude>
    <ClInclude Include="source\GraphicsUnit\GLO\GLO.h">
      <Filter>Header Files</Filter>
    </ClInclude>
    <ClInclude Include="source\GraphicsUnit\Pipeline\GLPipeline.h">
      <Filter>Header Files</Filter>
    </ClInclude>
    <ClInclude Include="source\GraphicsUnit\Renderbuffer\GLMultisampleRenderbuffer.h">
      <Filter>Header Files</Filter>
    </ClInclude>
    <ClInclude Include="source\GraphicsUnit\Renderbuffer\GLRenderbuffer.h">
      <Filter>Header Files</Filter>
    </ClInclude>
    <ClInclude Include="source\GraphicsUnit\Sampler\GLSampler2D.h">
      <Filter>Header Files</Filter>
    </ClInclude>
    <ClInclude Include="source\GraphicsUnit\Sampler\GLSampler3D.h">
      <Filter>Header Files</Filter>
    </ClInclude>
    <ClInclude Include="source\GraphicsUnit\Sampler\GLSamplerBase.h">
      <Filter>Header Files</Filter>
    </ClInclude>
    <ClInclude Include="source\GraphicsUnit\Shader\GLShader.h">
      <Filter>Header Files</Filter>
    </ClInclude>
    <ClInclude Include="source\GraphicsUnit\Texture\GLMultisampleTexture2D.h">
      <Filter>Header Files</Filter>
    </ClInclude>
    <ClInclude Include="source\GraphicsUnit\Texture\GLMultisampleTexture2DArray.h">
      <Filter>Header Files</Filter>
    </ClInclude>
    <ClInclude Include="source\GraphicsUnit\Texture\GLTexture.h">
      <Filter>Header Files</Filter>
    </ClInclude>
    <ClInclude Include="source\GraphicsUnit\Texture\GLTexture1D.h">
      <Filter>Header Files</Filter>
    </ClInclude>
    <ClInclude Include="source\GraphicsUnit\Texture\GLTexture1DArray.h">
      <Filter>Header Files</Filter>
    </ClInclude>
    <ClInclude Include="source\GraphicsUnit\Texture\GLTexture2D.h">
      <Filter>Header Files</Filter>
    </ClInclude>
    <ClInclude Include="source\GraphicsUnit\Texture\GLTexture2DArray.h">
      <Filter>Header Files</Filter>
    </ClInclude>
    <ClInclude Include="source\GraphicsUnit\Texture\GLTexture3D.h">
      <Filter>Header Files</Filter>
    </ClInclude>
    <ClInclude Include="source\GraphicsUnit\Texture\GLTextureBase.h">
      <Filter>Header Files</Filter>
    </ClInclude>
    <ClInclude Include="source\GraphicsUnit\Texture\GLTextureBuffer.h">
      <Filter>Header Files</Filter>
    </ClInclude>
    <ClInclude Include="source\GraphicsUnit\Texture\GLTextureCube.h">
      <Filter>Header Files</Filter>
    </ClInclude>
    <ClInclude Include="source\OpenGL\Camera\Camera_OpenGL.h">
      <Filter>Header Files</Filter>
    </ClInclude>
    <ClInclude Include="source\OpenGL\Pipeline\PipelineCommonTool\PipelineCommonTool.h">
      <Filter>Header Files</Filter>
    </ClInclude>
    <ClInclude Include="source\OpenGL\Pipeline\Pipeline_OpenGL.h">
      <Filter>Header Files</Filter>
    </ClInclude>
    <ClInclude Include="source\OpenGL\Pipeline\PipelineAssemblageInfo_OpenGL.h">
      <Filter>Header Files</Filter>
    </ClInclude>
    <ClInclude Include="source\OpenGL\PipelineRuntimeData\Light\DirectionalLight_OpenGL.h">
      <Filter>Header Files</Filter>
    </ClInclude>
    <ClInclude Include="source\OpenGL\PipelineRuntimeData\Light\PointLight_OpenGL.h">
      <Filter>Header Files</Filter>
    </ClInclude>
    <ClInclude Include="source\OpenGL\PipelineRuntimeData\Light\SpotLight_OpenGL.h">
      <Filter>Header Files</Filter>
    </ClInclude>
    <ClInclude Include="source\OpenGL\PipelineRuntimeData\Material\Material_OpenGL.h">
      <Filter>Header Files</Filter>
    </ClInclude>
    <ClInclude Include="source\OpenGL\PipelineRuntimeData\SceneRenderingData\SceneRenderingData_OpenGL.h">
      <Filter>Header Files</Filter>
    </ClInclude>
    <ClInclude Include="source\OpenGL\PipelineRuntimeData\Texture\Texture2D_OpenGL.h">
      <Filter>Header Files</Filter>
    </ClInclude>
    <ClInclude Include="source\OpenGL\RenderableObject\Mesh\Mesh_OpenGL.h">
      <Filter>Header Files</Filter>
    </ClInclude>
    <ClInclude Include="source\OpenGL\RenderableObject\Mesh\MultiMesh_OpenGL.h">
      <Filter>Header Files</Filter>
    </ClInclude>
    <ClInclude Include="source\OpenGL\RenderableObject\ParticleSystem\ParticleSystem_OpenGL.h">
      <Filter>Header Files</Filter>
    </ClInclude>
    <ClInclude Include="source\OpenGL\Renderer\Renderer_OpenGL.h">
      <Filter>Header Files</Filter>
    </ClInclude>
    <ClInclude Include="source\OpenGL\RendererAllocator\RendererAllocator_OpenGL.h">
      <Filter>Header Files</Filter>
    </ClInclude>
    <ClInclude Include="source\OpenGL\Scene\Scene_OpenGL.h">
      <Filter>Header Files</Filter>
    </ClInclude>
    <ClInclude Include="source\OpenGL\Shader\Shader_OpenGL.h">
      <Filter>Header Files</Filter>
    </ClInclude>
    <ClInclude Include="source\OpenGL\Shader\ShaderAssemblageInfo_OpenGL.h">
      <Filter>Header Files</Filter>
    </ClInclude>
    <ClInclude Include="source\OpenGL\Window\Window_GLFW.h">
      <Filter>Header Files</Filter>
    </ClInclude>
    <ClInclude Include="source\OpenGL\Implement_OpenGL.h">
      <Filter>Header Files</Filter>
    </ClInclude>
    <ClInclude Include="source\Public\WinSock.h">
      <Filter>Header Files</Filter>
    </ClInclude>
    <ClInclude Include="source\public\glfw.h">
      <Filter>Header Files</Filter>
    </ClInclude>
    <ClInclude Include="source\public\opengl.h">
      <Filter>Header Files</Filter>
    </ClInclude>
    <ClInclude Include="source\public\stl.h">
      <Filter>Header Files</Filter>
    </ClInclude>
    <ClInclude Include="source\public\winsocket.h">
      <Filter>Header Files</Filter>
    </ClInclude>
    <ClInclude Include="source\graphics\texture\gl_texture.h">
      <Filter>Header Files</Filter>
    </ClInclude>
    <ClInclude Include="source\graphics\texture\texture_1d\gl_texture_1d.h">
      <Filter>Header Files</Filter>
    </ClInclude>
    <ClInclude Include="source\graphics\texture\texture_1d\gl_texture_1d_array.h">
      <Filter>Header Files</Filter>
    </ClInclude>
    <ClInclude Include="source\graphics\texture\texture_2d\gl_texture_2d.h">
      <Filter>Header Files</Filter>
    </ClInclude>
    <ClInclude Include="source\graphics\texture\texture_2d\gl_texture_2d_array.h">
      <Filter>Header Files</Filter>
    </ClInclude>
    <ClInclude Include="source\graphics\texture\texture_2d\gl_texture_2d_array_multisample.h">
      <Filter>Header Files</Filter>
    </ClInclude>
    <ClInclude Include="source\graphics\texture\texture_2d\gl_texture_2d_multisample.h">
      <Filter>Header Files</Filter>
    </ClInclude>
    <ClInclude Include="source\graphics\texture\texture_3d\gl_texture_3d.h">
      <Filter>Header Files</Filter>
    </ClInclude>
    <ClInclude Include="source\graphics\texture\texture_buffer\gl_texture_buffer.h">
      <Filter>Header Files</Filter>
    </ClInclude>
    <ClInclude Include="source\graphics\texture\texture_cube\gl_texture_cube.h">
      <Filter>Header Files</Filter>
    </ClInclude>
    <ClInclude Include="source\graphics\texture\texture_cube\gl_texture_cube_array.h">
      <Filter>Header Files</Filter>
    </ClInclude>
    <ClInclude Include="source\graphics\sampler\gl_sampler.h">
      <Filter>Header Files</Filter>
    </ClInclude>
    <ClInclude Include="source\graphics\glo\gl_object.h">
      <Filter>Header Files</Filter>
    </ClInclude>
    <ClInclude Include="source\graphics\texture\texture_2d\gl_texture_rectangle.h">
      <Filter>Header Files</Filter>
    </ClInclude>
    <ClInclude Include="source\graphics\texture\base\gl_texture_base.h">
      <Filter>Header Files</Filter>
    </ClInclude>
    <ClInclude Include="source\graphics\shader\gl_shader.h">
      <Filter>Header Files</Filter>
    </ClInclude>
    <ClInclude Include="source\graphics\renderbuffer\gl_renderbuffer.h">
      <Filter>Header Files</Filter>
    </ClInclude>
    <ClInclude Include="source\graphics\renderbuffer\gl_multisample_renderbuffer.h">
      <Filter>Header Files</Filter>
    </ClInclude>
    <ClInclude Include="source\graphics\buffer\gl_buffer.h">
      <Filter>Header Files</Filter>
    </ClInclude>
    <ClInclude Include="source\graphics\framebuffer\gl_framebuffer_base.h">
      <Filter>Header Files</Filter>
    </ClInclude>
    <ClInclude Include="source\graphics\program\gl_program.h">
      <Filter>Header Files</Filter>
    </ClInclude>
    <ClInclude Include="source\graphics\program_pipeline\gl_program_pipeline.h">
      <Filter>Header Files</Filter>
    </ClInclude>
    <ClInclude Include="source\graphics\transform_feedback\gl_transform_feedback.h">
      <Filter>Header Files</Filter>
    </ClInclude>
    <ClInclude Include="source\graphics\framebuffer\gl_read_framebuffer.h">
      <Filter>Header Files</Filter>
    </ClInclude>
    <ClInclude Include="source\graphics\framebuffer\gl_draw_framebuffer.h">
      <Filter>Header Files</Filter>
    </ClInclude>
    <ClInclude Include="source\graphics\framebuffer\gl_default_framebuffer.h">
      <Filter>Header Files</Filter>
    </ClInclude>
    <ClInclude Include="source\graphics\framebuffer\gl_framebuffer.h">
      <Filter>Header Files</Filter>
    </ClInclude>
    <ClInclude Include="source\graphics\vertex_array\gl_vertex_array.h">
      <Filter>Header Files</Filter>
    </ClInclude>
    <ClInclude Include="source\Interface\mesh\mesh.h">
      <Filter>Header Files</Filter>
    </ClInclude>
    <ClInclude Include="source\Interface\texture\texture_2d.h">
      <Filter>Header Files</Filter>
    </ClInclude>
    <ClInclude Include="source\Interface\material\material.h">
      <Filter>Header Files</Filter>
    </ClInclude>
    <ClInclude Include="source\graphics\customized_pipeline\gl_pipeline_pbr.h">
      <Filter>Header Files</Filter>
    </ClInclude>
  </ItemGroup>
</Project>