
Microsoft Visual Studio Solution File, Format Version 12.00
# Visual Studio Version 16
VisualStudioVersion = 16.0.29009.5
MinimumVisualStudioVersion = 10.0.40219.1
Project("{8BC9CEB8-8B4A-11D0-8D11-00A0C91BC942}") = "karamay-engine-graphics", "karamay-engine-graphics\karamay-engine-graphics.vcxproj", "{6F65E27F-6CB2-40E4-9962-2C0E6EDD35E3}"
EndProject
Global
	GlobalSection(SolutionConfigurationPlatforms) = preSolution
		Debug|x64 = Debug|x64
		Debug|x86 = Debug|x86
		Release|x64 = Release|x64
		Release|x86 = Release|x86
	EndGlobalSection
	GlobalSection(ProjectConfigurationPlatforms) = postSolution
		{6F65E27F-6CB2-40E4-9962-2C0E6EDD35E3}.Debug|x64.ActiveCfg = Debug|x64
		{6F65E27F-6CB2-40E4-9962-2C0E6EDD35E3}.Debug|x64.Build.0 = Debug|x64
		{6F65E27F-6CB2-40E4-9962-2C0E6EDD35E3}.Debug|x86.ActiveCfg = Debug|Win32
		{6F65E27F-6CB2-40E4-9962-2C0E6EDD35E3}.Debug|x86.Build.0 = Debug|Win32
		{6F65E27F-6CB2-40E4-9962-2C0E6EDD35E3}.Release|x64.ActiveCfg = Release|x64
		{6F65E27F-6CB2-40E4-9962-2C0E6EDD35E3}.Release|x64.Build.0 = Release|x64
		{6F65E27F-6CB2-40E4-9962-2C0E6EDD35E3}.Release|x86.ActiveCfg = Release|Win32
		{6F65E27F-6CB2-40E4-9962-2C0E6EDD35E3}.Release|x86.Build.0 = Release|Win32
	EndGlobalSection
	GlobalSection(SolutionProperties) = preSolution
		HideSolutionNode = FALSE
	EndGlobalSection
	GlobalSection(ExtensibilityGlobals) = postSolution
		SolutionGuid = {33A955F7-6E42-4B1E-A020-9DB606A43376}
	EndGlobalSection
EndGlobal
